dependencies:
  espressif/ds18b20:
    component_hash: d1e277cbc765de715ad2a14b1f61d4e9415bf9e3ebde0da6b3f577164ddd7fe4
    source:
      service_url: https://api.components.espressif.com/
      type: service
    version: 0.1.0
  espressif/onewire_bus:
    component_hash: d7640dd153b1209c3041977282e8cf27039655c23ff42b9032080f1a61582a58
    source:
      service_url: https://api.components.espressif.com/
      type: service
    version: 1.0.0
  idf:
    component_hash: null
    source:
      type: idf
    version: 5.1.0
manifest_hash: deb7a6a40cdd08b40167231423785c01510cc29bd82bb3a64b9882138a56c43e
target: esp32c3
version: 1.0.0
